// !$*UTF8*$!
{
	archiveVersion = 1;
	classes = {
	};
	objectVersion = 77;
	objects = {

/* Begin PBXBuildFile section */
		F7316B282CC7E79F00EB42DC /* FirebaseCore in Frameworks */ = {isa = PBXBuildFile; productRef = F7316B272CC7E79F00EB42DC /* FirebaseCore */; };
		F73DD9782CBE820C0017209B /* Gilroy-Bold.ttf in Resources */ = {isa = PBXBuildFile; fileRef = F73DD9772CBE820C0017209B /* Gilroy-Bold.ttf */; };
		F73DD97C2CBE82270017209B /* Gilroy-Medium.ttf in Resources */ = {isa = PBXBuildFile; fileRef = F73DD9792CBE82270017209B /* Gilroy-Medium.ttf */; };
		F73DD97D2CBE82270017209B /* Gilroy-Regular.ttf in Resources */ = {isa = PBXBuildFile; fileRef = F73DD97A2CBE82270017209B /* Gilroy-Regular.ttf */; };
		F73DD97E2CBE82270017209B /* Gilroy-SemiBold.ttf in Resources */ = {isa = PBXBuildFile; fileRef = F73DD97B2CBE82270017209B /* Gilroy-SemiBold.ttf */; };
		F73DD9832CBE82560017209B /* Gilroy-Light.ttf in Resources */ = {isa = PBXBuildFile; fileRef = F73DD9802CBE82560017209B /* Gilroy-Light.ttf */; };
		F73DD9842CBE82560017209B /* Gilroy-Thin.ttf in Resources */ = {isa = PBXBuildFile; fileRef = F73DD9812CBE82560017209B /* Gilroy-Thin.ttf */; };
		F73DD9852CBE82560017209B /* Gilroy-Heavy.ttf in Resources */ = {isa = PBXBuildFile; fileRef = F73DD97F2CBE82560017209B /* Gilroy-Heavy.ttf */; };
		F73DD9862CBE82560017209B /* Gilroy-UltraLight.ttf in Resources */ = {isa = PBXBuildFile; fileRef = F73DD9822CBE82560017209B /* Gilroy-UltraLight.ttf */; };
		F7A484DF2CC7D51F005F116A /* FirebaseStorage in Frameworks */ = {isa = PBXBuildFile; productRef = F7A484DE2CC7D51F005F116A /* FirebaseStorage */; };
		F7EEA6842CC283E3002ED7E1 /* FirebaseAnalytics in Frameworks */ = {isa = PBXBuildFile; productRef = F7EEA6832CC283E3002ED7E1 /* FirebaseAnalytics */; };
		F7EEA6862CC283E3002ED7E1 /* FirebaseAuth in Frameworks */ = {isa = PBXBuildFile; productRef = F7EEA6852CC283E3002ED7E1 /* FirebaseAuth */; };
		F7EEA6882CC283E3002ED7E1 /* FirebaseFirestore in Frameworks */ = {isa = PBXBuildFile; productRef = F7EEA6872CC283E3002ED7E1 /* FirebaseFirestore */; };
/* End PBXBuildFile section */

/* Begin PBXContainerItemProxy section */
		F73DD95A2CBE7C4B0017209B /* PBXContainerItemProxy */ = {
			isa = PBXContainerItemProxy;
			containerPortal = F73DD9412CBE7C4A0017209B /* Project object */;
			proxyType = 1;
			remoteGlobalIDString = F73DD9482CBE7C4A0017209B;
			remoteInfo = GreenCart;
		};
		F73DD9642CBE7C4B0017209B /* PBXContainerItemProxy */ = {
			isa = PBXContainerItemProxy;
			containerPortal = F73DD9412CBE7C4A0017209B /* Project object */;
			proxyType = 1;
			remoteGlobalIDString = F73DD9482CBE7C4A0017209B;
			remoteInfo = GreenCart;
		};
/* End PBXContainerItemProxy section */

/* Begin PBXFileReference section */
		F73DD9492CBE7C4A0017209B /* GreenCart.app */ = {isa = PBXFileReference; explicitFileType = wrapper.application; includeInIndex = 0; path = GreenCart.app; sourceTree = BUILT_PRODUCTS_DIR; };
		F73DD9592CBE7C4B0017209B /* GreenCartTests.xctest */ = {isa = PBXFileReference; explicitFileType = wrapper.cfbundle; includeInIndex = 0; path = GreenCartTests.xctest; sourceTree = BUILT_PRODUCTS_DIR; };
		F73DD9632CBE7C4B0017209B /* GreenCartUITests.xctest */ = {isa = PBXFileReference; explicitFileType = wrapper.cfbundle; includeInIndex = 0; path = GreenCartUITests.xctest; sourceTree = BUILT_PRODUCTS_DIR; };
		F73DD9772CBE820C0017209B /* Gilroy-Bold.ttf */ = {isa = PBXFileReference; lastKnownFileType = file; path = "Gilroy-Bold.ttf"; sourceTree = "<group>"; };
		F73DD9792CBE82270017209B /* Gilroy-Medium.ttf */ = {isa = PBXFileReference; lastKnownFileType = file; path = "Gilroy-Medium.ttf"; sourceTree = "<group>"; };
		F73DD97A2CBE82270017209B /* Gilroy-Regular.ttf */ = {isa = PBXFileReference; lastKnownFileType = file; path = "Gilroy-Regular.ttf"; sourceTree = "<group>"; };
		F73DD97B2CBE82270017209B /* Gilroy-SemiBold.ttf */ = {isa = PBXFileReference; lastKnownFileType = file; path = "Gilroy-SemiBold.ttf"; sourceTree = "<group>"; };
		F73DD97F2CBE82560017209B /* Gilroy-Heavy.ttf */ = {isa = PBXFileReference; lastKnownFileType = file; path = "Gilroy-Heavy.ttf"; sourceTree = "<group>"; };
		F73DD9802CBE82560017209B /* Gilroy-Light.ttf */ = {isa = PBXFileReference; lastKnownFileType = file; path = "Gilroy-Light.ttf"; sourceTree = "<group>"; };
		F73DD9812CBE82560017209B /* Gilroy-Thin.ttf */ = {isa = PBXFileReference; lastKnownFileType = file; path = "Gilroy-Thin.ttf"; sourceTree = "<group>"; };
		F73DD9822CBE82560017209B /* Gilroy-UltraLight.ttf */ = {isa = PBXFileReference; lastKnownFileType = file; path = "Gilroy-UltraLight.ttf"; sourceTree = "<group>"; };
/* End PBXFileReference section */

/* Begin PBXFileSystemSynchronizedBuildFileExceptionSet section */
		F73DD9882CBE82740017209B /* Exceptions for "GreenCart" folder in "GreenCart" target */ = {
			isa = PBXFileSystemSynchronizedBuildFileExceptionSet;
			membershipExceptions = (
				Info.plist,
			);
			target = F73DD9482CBE7C4A0017209B /* GreenCart */;
		};
/* End PBXFileSystemSynchronizedBuildFileExceptionSet section */

/* Begin PBXFileSystemSynchronizedRootGroup section */
		F73DD94B2CBE7C4A0017209B /* GreenCart */ = {
			isa = PBXFileSystemSynchronizedRootGroup;
			exceptions = (
				F73DD9882CBE82740017209B /* Exceptions for "GreenCart" folder in "GreenCart" target */,
			);
			path = GreenCart;
			sourceTree = "<group>";
		};
		F73DD95C2CBE7C4B0017209B /* GreenCartTests */ = {
			isa = PBXFileSystemSynchronizedRootGroup;
			path = GreenCartTests;
			sourceTree = "<group>";
		};
		F73DD9662CBE7C4B0017209B /* GreenCartUITests */ = {
			isa = PBXFileSystemSynchronizedRootGroup;
			path = GreenCartUITests;
			sourceTree = "<group>";
		};
/* End PBXFileSystemSynchronizedRootGroup section */

/* Begin PBXFrameworksBuildPhase section */
		F73DD9462CBE7C4A0017209B /* Frameworks */ = {
			isa = PBXFrameworksBuildPhase;
			buildActionMask = 2147483647;
			files = (
				F7EEA6842CC283E3002ED7E1 /* FirebaseAnalytics in Frameworks */,
				F7316B282CC7E79F00EB42DC /* FirebaseCore in Frameworks */,
				F7A484DF2CC7D51F005F116A /* FirebaseStorage in Frameworks */,
				F7EEA6862CC283E3002ED7E1 /* FirebaseAuth in Frameworks */,
				F7EEA6882CC283E3002ED7E1 /* FirebaseFirestore in Frameworks */,
			);
			runOnlyForDeploymentPostprocessing = 0;
		};
		F73DD9562CBE7C4B0017209B /* Frameworks */ = {
			isa = PBXFrameworksBuildPhase;
			buildActionMask = 2147483647;
			files = (
			);
			runOnlyForDeploymentPostprocessing = 0;
		};
		F73DD9602CBE7C4B0017209B /* Frameworks */ = {
			isa = PBXFrameworksBuildPhase;
			buildActionMask = 2147483647;
			files = (
			);
			runOnlyForDeploymentPostprocessing = 0;
		};
/* End PBXFrameworksBuildPhase section */

/* Begin PBXGroup section */
		F73DD9402CBE7C4A0017209B = {
			isa = PBXGroup;
			children = (
				F73DD94B2CBE7C4A0017209B /* GreenCart */,
				F73DD9762CBE7C580017209B /* Fonts */,
				F73DD95C2CBE7C4B0017209B /* GreenCartTests */,
				F73DD9662CBE7C4B0017209B /* GreenCartUITests */,
				F73DD94A2CBE7C4A0017209B /* Products */,
				F7A484DD2CC7D51F005F116A /* Frameworks */,
			);
			sourceTree = "<group>";
		};
		F73DD94A2CBE7C4A0017209B /* Products */ = {
			isa = PBXGroup;
			children = (
				F73DD9492CBE7C4A0017209B /* GreenCart.app */,
				F73DD9592CBE7C4B0017209B /* GreenCartTests.xctest */,
				F73DD9632CBE7C4B0017209B /* GreenCartUITests.xctest */,
			);
			name = Products;
			sourceTree = "<group>";
		};
		F73DD9762CBE7C580017209B /* Fonts */ = {
			isa = PBXGroup;
			children = (
				F73DD97F2CBE82560017209B /* Gilroy-Heavy.ttf */,
				F73DD9802CBE82560017209B /* Gilroy-Light.ttf */,
				F73DD9812CBE82560017209B /* Gilroy-Thin.ttf */,
				F73DD9822CBE82560017209B /* Gilroy-UltraLight.ttf */,
				F73DD9792CBE82270017209B /* Gilroy-Medium.ttf */,
				F73DD97A2CBE82270017209B /* Gilroy-Regular.ttf */,
				F73DD97B2CBE82270017209B /* Gilroy-SemiBold.ttf */,
				F73DD9772CBE820C0017209B /* Gilroy-Bold.ttf */,
			);
			path = Fonts;
			sourceTree = "<group>";
		};
		F7A484DD2CC7D51F005F116A /* Frameworks */ = {
			isa = PBXGroup;
			children = (
			);
			name = Frameworks;
			sourceTree = "<group>";
		};
/* End PBXGroup section */

/* Begin PBXNativeTarget section */
		F73DD9482CBE7C4A0017209B /* GreenCart */ = {
			isa = PBXNativeTarget;
			buildConfigurationList = F73DD96D2CBE7C4B0017209B /* Build configuration list for PBXNativeTarget "GreenCart" */;
			buildPhases = (
				F73DD9452CBE7C4A0017209B /* Sources */,
				F73DD9462CBE7C4A0017209B /* Frameworks */,
				F73DD9472CBE7C4A0017209B /* Resources */,
			);
			buildRules = (
			);
			dependencies = (
			);
			fileSystemSynchronizedGroups = (
				F73DD94B2CBE7C4A0017209B /* GreenCart */,
			);
			name = GreenCart;
			packageProductDependencies = (
				F7EEA6832CC283E3002ED7E1 /* FirebaseAnalytics */,
				F7EEA6852CC283E3002ED7E1 /* FirebaseAuth */,
				F7EEA6872CC283E3002ED7E1 /* FirebaseFirestore */,
				F7A484DE2CC7D51F005F116A /* FirebaseStorage */,
				F7316B272CC7E79F00EB42DC /* FirebaseCore */,
			);
			productName = GreenCart;
			productReference = F73DD9492CBE7C4A0017209B /* GreenCart.app */;
			productType = "com.apple.product-type.application";
		};
		F73DD9582CBE7C4B0017209B /* GreenCartTests */ = {
			isa = PBXNativeTarget;
			buildConfigurationList = F73DD9702CBE7C4B0017209B /* Build configuration list for PBXNativeTarget "GreenCartTests" */;
			buildPhases = (
				F73DD9552CBE7C4B0017209B /* Sources */,
				F73DD9562CBE7C4B0017209B /* Frameworks */,
				F73DD9572CBE7C4B0017209B /* Resources */,
			);
			buildRules = (
			);
			dependencies = (
				F73DD95B2CBE7C4B0017209B /* PBXTargetDependency */,
			);
			fileSystemSynchronizedGroups = (
				F73DD95C2CBE7C4B0017209B /* GreenCartTests */,
			);
			name = GreenCartTests;
			packageProductDependencies = (
			);
			productName = GreenCartTests;
			productReference = F73DD9592CBE7C4B0017209B /* GreenCartTests.xctest */;
			productType = "com.apple.product-type.bundle.unit-test";
		};
		F73DD9622CBE7C4B0017209B /* GreenCartUITests */ = {
			isa = PBXNativeTarget;
			buildConfigurationList = F73DD9732CBE7C4B0017209B /* Build configuration list for PBXNativeTarget "GreenCartUITests" */;
			buildPhases = (
				F73DD95F2CBE7C4B0017209B /* Sources */,
				F73DD9602CBE7C4B0017209B /* Frameworks */,
				F73DD9612CBE7C4B0017209B /* Resources */,
			);
			buildRules = (
			);
			dependencies = (
				F73DD9652CBE7C4B0017209B /* PBXTargetDependency */,
			);
			fileSystemSynchronizedGroups = (
				F73DD9662CBE7C4B0017209B /* GreenCartUITests */,
			);
			name = GreenCartUITests;
			packageProductDependencies = (
			);
			productName = GreenCartUITests;
			productReference = F73DD9632CBE7C4B0017209B /* GreenCartUITests.xctest */;
			productType = "com.apple.product-type.bundle.ui-testing";
		};
/* End PBXNativeTarget section */

/* Begin PBXProject section */
		F73DD9412CBE7C4A0017209B /* Project object */ = {
			isa = PBXProject;
			attributes = {
				BuildIndependentTargetsInParallel = 1;
				LastSwiftUpdateCheck = 1600;
				LastUpgradeCheck = 1600;
				TargetAttributes = {
					F73DD9482CBE7C4A0017209B = {
						CreatedOnToolsVersion = 16.0;
					};
					F73DD9582CBE7C4B0017209B = {
						CreatedOnToolsVersion = 16.0;
						TestTargetID = F73DD9482CBE7C4A0017209B;
					};
					F73DD9622CBE7C4B0017209B = {
						CreatedOnToolsVersion = 16.0;
						TestTargetID = F73DD9482CBE7C4A0017209B;
					};
				};
			};
			buildConfigurationList = F73DD9442CBE7C4A0017209B /* Build configuration list for PBXProject "GreenCart" */;
			developmentRegion = en;
			hasScannedForEncodings = 0;
			knownRegions = (
				en,
				Base,
			);
			mainGroup = F73DD9402CBE7C4A0017209B;
			minimizedProjectReferenceProxies = 1;
			packageReferences = (
				F7EEA6822CC283E3002ED7E1 /* XCRemoteSwiftPackageReference "firebase-ios-sdk" */,
			);
			preferredProjectObjectVersion = 77;
			productRefGroup = F73DD94A2CBE7C4A0017209B /* Products */;
			projectDirPath = "";
			projectRoot = "";
			targets = (
				F73DD9482CBE7C4A0017209B /* GreenCart */,
				F73DD9582CBE7C4B0017209B /* GreenCartTests */,
				F73DD9622CBE7C4B0017209B /* GreenCartUITests */,
			);
		};
/* End PBXProject section */

/* Begin PBXResourcesBuildPhase section */
		F73DD9472CBE7C4A0017209B /* Resources */ = {
			isa = PBXResourcesBuildPhase;
			buildActionMask = 2147483647;
			files = (
				F73DD9782CBE820C0017209B /* Gilroy-Bold.ttf in Resources */,
				F73DD97C2CBE82270017209B /* Gilroy-Medium.ttf in Resources */,
				F73DD97D2CBE82270017209B /* Gilroy-Regular.ttf in Resources */,
				F73DD97E2CBE82270017209B /* Gilroy-SemiBold.ttf in Resources */,
				F73DD9832CBE82560017209B /* Gilroy-Light.ttf in Resources */,
				F73DD9842CBE82560017209B /* Gilroy-Thin.ttf in Resources */,
				F73DD9852CBE82560017209B /* Gilroy-Heavy.ttf in Resources */,
				F73DD9862CBE82560017209B /* Gilroy-UltraLight.ttf in Resources */,
			);
			runOnlyForDeploymentPostprocessing = 0;
		};
		F73DD9572CBE7C4B0017209B /* Resources */ = {
			isa = PBXResourcesBuildPhase;
			buildActionMask = 2147483647;
			files = (
			);
			runOnlyForDeploymentPostprocessing = 0;
		};
		F73DD9612CBE7C4B0017209B /* Resources */ = {
			isa = PBXResourcesBuildPhase;
			buildActionMask = 2147483647;
			files = (
			);
			runOnlyForDeploymentPostprocessing = 0;
		};
/* End PBXResourcesBuildPhase section */

/* Begin PBXSourcesBuildPhase section */
		F73DD9452CBE7C4A0017209B /* Sources */ = {
			isa = PBXSourcesBuildPhase;
			buildActionMask = 2147483647;
			files = (
			);
			runOnlyForDeploymentPostprocessing = 0;
		};
		F73DD9552CBE7C4B0017209B /* Sources */ = {
			isa = PBXSourcesBuildPhase;
			buildActionMask = 2147483647;
			files = (
			);
			runOnlyForDeploymentPostprocessing = 0;
		};
		F73DD95F2CBE7C4B0017209B /* Sources */ = {
			isa = PBXSourcesBuildPhase;
			buildActionMask = 2147483647;
			files = (
			);
			runOnlyForDeploymentPostprocessing = 0;
		};
/* End PBXSourcesBuildPhase section */

/* Begin PBXTargetDependency section */
		F73DD95B2CBE7C4B0017209B /* PBXTargetDependency */ = {
			isa = PBXTargetDependency;
			target = F73DD9482CBE7C4A0017209B /* GreenCart */;
			targetProxy = F73DD95A2CBE7C4B0017209B /* PBXContainerItemProxy */;
		};
		F73DD9652CBE7C4B0017209B /* PBXTargetDependency */ = {
			isa = PBXTargetDependency;
			target = F73DD9482CBE7C4A0017209B /* GreenCart */;
			targetProxy = F73DD9642CBE7C4B0017209B /* PBXContainerItemProxy */;
		};
/* End PBXTargetDependency section */

/* Begin XCBuildConfiguration section */
		F73DD96B2CBE7C4B0017209B /* Debug */ = {
			isa = XCBuildConfiguration;
			buildSettings = {
				ALWAYS_SEARCH_USER_PATHS = NO;
				ASSETCATALOG_COMPILER_GENERATE_SWIFT_ASSET_SYMBOL_EXTENSIONS = YES;
				CLANG_ANALYZER_NONNULL = YES;
				CLANG_ANALYZER_NUMBER_OBJECT_CONVERSION = YES_AGGRESSIVE;
				CLANG_CXX_LANGUAGE_STANDARD = "gnu++20";
				CLANG_ENABLE_MODULES = YES;
				CLANG_ENABLE_OBJC_ARC = YES;
				CLANG_ENABLE_OBJC_WEAK = YES;
				CLANG_WARN_BLOCK_CAPTURE_AUTORELEASING = YES;
				CLANG_WARN_BOOL_CONVERSION = YES;
				CLANG_WARN_COMMA = YES;
				CLANG_WARN_CONSTANT_CONVERSION = YES;
				CLANG_WARN_DEPRECATED_OBJC_IMPLEMENTATIONS = YES;
				CLANG_WARN_DIRECT_OBJC_ISA_USAGE = YES_ERROR;
				CLANG_WARN_DOCUMENTATION_COMMENTS = YES;
				CLANG_WARN_EMPTY_BODY = YES;
				CLANG_WARN_ENUM_CONVERSION = YES;
				CLANG_WARN_INFINITE_RECURSION = YES;
				CLANG_WARN_INT_CONVERSION = YES;
				CLANG_WARN_NON_LITERAL_NULL_CONVERSION = YES;
				CLANG_WARN_OBJC_IMPLICIT_RETAIN_SELF = YES;
				CLANG_WARN_OBJC_LITERAL_CONVERSION = YES;
				CLANG_WARN_OBJC_ROOT_CLASS = YES_ERROR;
				CLANG_WARN_QUOTED_INCLUDE_IN_FRAMEWORK_HEADER = YES;
				CLANG_WARN_RANGE_LOOP_ANALYSIS = YES;
				CLANG_WARN_STRICT_PROTOTYPES = YES;
				CLANG_WARN_SUSPICIOUS_MOVE = YES;
				CLANG_WARN_UNGUARDED_AVAILABILITY = YES_AGGRESSIVE;
				CLANG_WARN_UNREACHABLE_CODE = YES;
				CLANG_WARN__DUPLICATE_METHOD_MATCH = YES;
				COPY_PHASE_STRIP = NO;
				DEBUG_INFORMATION_FORMAT = dwarf;
				ENABLE_STRICT_OBJC_MSGSEND = YES;
				ENABLE_TESTABILITY = YES;
				ENABLE_USER_SCRIPT_SANDBOXING = YES;
				GCC_C_LANGUAGE_STANDARD = gnu17;
				GCC_DYNAMIC_NO_PIC = NO;
				GCC_NO_COMMON_BLOCKS = YES;
				GCC_OPTIMIZATION_LEVEL = 0;
				GCC_PREPROCESSOR_DEFINITIONS = (
					"DEBUG=1",
					"$(inherited)",
				);
				GCC_WARN_64_TO_32_BIT_CONVERSION = YES;
				GCC_WARN_ABOUT_RETURN_TYPE = YES_ERROR;
				GCC_WARN_UNDECLARED_SELECTOR = YES;
				GCC_WARN_UNINITIALIZED_AUTOS = YES_AGGRESSIVE;
				GCC_WARN_UNUSED_FUNCTION = YES;
				GCC_WARN_UNUSED_VARIABLE = YES;
				IPHONEOS_DEPLOYMENT_TARGET = 18.0;
				LOCALIZATION_PREFERS_STRING_CATALOGS = YES;
				MTL_ENABLE_DEBUG_INFO = INCLUDE_SOURCE;
				MTL_FAST_MATH = YES;
				ONLY_ACTIVE_ARCH = YES;
				SDKROOT = iphoneos;
				SWIFT_ACTIVE_COMPILATION_CONDITIONS = "DEBUG $(inherited)";
				SWIFT_OPTIMIZATION_LEVEL = "-Onone";
			};
			name = Debug;
		};
		F73DD96C2CBE7C4B0017209B /* Release */ = {
			isa = XCBuildConfiguration;
			buildSettings = {
				ALWAYS_SEARCH_USER_PATHS = NO;
				ASSETCATALOG_COMPILER_GENERATE_SWIFT_ASSET_SYMBOL_EXTENSIONS = YES;
				CLANG_ANALYZER_NONNULL = YES;
				CLANG_ANALYZER_NUMBER_OBJECT_CONVERSION = YES_AGGRESSIVE;
				CLANG_CXX_LANGUAGE_STANDARD = "gnu++20";
				CLANG_ENABLE_MODULES = YES;
				CLANG_ENABLE_OBJC_ARC = YES;
				CLANG_ENABLE_OBJC_WEAK = YES;
				CLANG_WARN_BLOCK_CAPTURE_AUTORELEASING = YES;
				CLANG_WARN_BOOL_CONVERSION = YES;
				CLANG_WARN_COMMA = YES;
				CLANG_WARN_CONSTANT_CONVERSION = YES;
				CLANG_WARN_DEPRECATED_OBJC_IMPLEMENTATIONS = YES;
				CLANG_WARN_DIRECT_OBJC_ISA_USAGE = YES_ERROR;
				CLANG_WARN_DOCUMENTATION_COMMENTS = YES;
				CLANG_WARN_EMPTY_BODY = YES;
				CLANG_WARN_ENUM_CONVERSION = YES;
				CLANG_WARN_INFINITE_RECURSION = YES;
				CLANG_WARN_INT_CONVERSION = YES;
				CLANG_WARN_NON_LITERAL_NULL_CONVERSION = YES;
				CLANG_WARN_OBJC_IMPLICIT_RETAIN_SELF = YES;
				CLANG_WARN_OBJC_LITERAL_CONVERSION = YES;
				CLANG_WARN_OBJC_ROOT_CLASS = YES_ERROR;
				CLANG_WARN_QUOTED_INCLUDE_IN_FRAMEWORK_HEADER = YES;
				CLANG_WARN_RANGE_LOOP_ANALYSIS = YES;
				CLANG_WARN_STRICT_PROTOTYPES = YES;
				CLANG_WARN_SUSPICIOUS_MOVE = YES;
				CLANG_WARN_UNGUARDED_AVAILABILITY = YES_AGGRESSIVE;
				CLANG_WARN_UNREACHABLE_CODE = YES;
				CLANG_WARN__DUPLICATE_METHOD_MATCH = YES;
				COPY_PHASE_STRIP = NO;
				DEBUG_INFORMATION_FORMAT = "dwarf-with-dsym";
				ENABLE_NS_ASSERTIONS = NO;
				ENABLE_STRICT_OBJC_MSGSEND = YES;
				ENABLE_USER_SCRIPT_SANDBOXING = YES;
				GCC_C_LANGUAGE_STANDARD = gnu17;
				GCC_NO_COMMON_BLOCKS = YES;
				GCC_WARN_64_TO_32_BIT_CONVERSION = YES;
				GCC_WARN_ABOUT_RETURN_TYPE = YES_ERROR;
				GCC_WARN_UNDECLARED_SELECTOR = YES;
				GCC_WARN_UNINITIALIZED_AUTOS = YES_AGGRESSIVE;
				GCC_WARN_UNUSED_FUNCTION = YES;
				GCC_WARN_UNUSED_VARIABLE = YES;
				IPHONEOS_DEPLOYMENT_TARGET = 18.0;
				LOCALIZATION_PREFERS_STRING_CATALOGS = YES;
				MTL_ENABLE_DEBUG_INFO = NO;
				MTL_FAST_MATH = YES;
				SDKROOT = iphoneos;
				SWIFT_COMPILATION_MODE = wholemodule;
				VALIDATE_PRODUCT = YES;
			};
			name = Release;
		};
		F73DD96E2CBE7C4B0017209B /* Debug */ = {
			isa = XCBuildConfiguration;
			buildSettings = {
				ASSETCATALOG_COMPILER_APPICON_NAME = AppIcon;
				ASSETCATALOG_COMPILER_GLOBAL_ACCENT_COLOR_NAME = AccentColor;
				CODE_SIGN_STYLE = Automatic;
				CURRENT_PROJECT_VERSION = 1;
				DEVELOPMENT_ASSET_PATHS = "\"GreenCart/Preview Content\"";
				DEVELOPMENT_TEAM = 8TNP7LCQ34;
				ENABLE_PREVIEWS = YES;
				GENERATE_INFOPLIST_FILE = YES;
				INFOPLIST_FILE = GreenCart/Info.plist;
				INFOPLIST_KEY_LSApplicationCategoryType = "";
				INFOPLIST_KEY_UIApplicationSceneManifest_Generation = YES;
				INFOPLIST_KEY_UIApplicationSupportsIndirectInputEvents = YES;
				INFOPLIST_KEY_UILaunchStoryboardName = "Launch Screen";
				INFOPLIST_KEY_UISupportedInterfaceOrientations = UIInterfaceOrientationPortrait;
				IPHONEOS_DEPLOYMENT_TARGET = 15.6;
				LD_RUNPATH_SEARCH_PATHS = (
					"$(inherited)",
					"@executable_path/Frameworks",
				);
				MARKETING_VERSION = 1.0;
				PRODUCT_BUNDLE_IDENTIFIER = com.zain.GreenCart;
				PRODUCT_NAME = "$(TARGET_NAME)";
				SWIFT_EMIT_LOC_STRINGS = YES;
				SWIFT_VERSION = 5.0;
				TARGETED_DEVICE_FAMILY = "1,2";
			};
			name = Debug;
		};
		F73DD96F2CBE7C4B0017209B /* Release */ = {
			isa = XCBuildConfiguration;
			buildSettings = {
				ASSETCATALOG_COMPILER_APPICON_NAME = AppIcon;
				ASSETCATALOG_COMPILER_GLOBAL_ACCENT_COLOR_NAME = AccentColor;
				CODE_SIGN_STYLE = Automatic;
				CURRENT_PROJECT_VERSION = 1;
				DEVELOPMENT_ASSET_PATHS = "\"GreenCart/Preview Content\"";
				DEVELOPMENT_TEAM = 8TNP7LCQ34;
				ENABLE_PREVIEWS = YES;
				GENERATE_INFOPLIST_FILE = YES;
				INFOPLIST_FILE = GreenCart/Info.plist;
				INFOPLIST_KEY_LSApplicationCategoryType = "";
				INFOPLIST_KEY_UIApplicationSceneManifest_Generation = YES;
				INFOPLIST_KEY_UIApplicationSupportsIndirectInputEvents = YES;
				INFOPLIST_KEY_UILaunchStoryboardName = "Launch Screen";
				INFOPLIST_KEY_UISupportedInterfaceOrientations = UIInterfaceOrientationPortrait;
				IPHONEOS_DEPLOYMENT_TARGET = 15.6;
				LD_RUNPATH_SEARCH_PATHS = (
					"$(inherited)",
					"@executable_path/Frameworks",
				);
				MARKETING_VERSION = 1.0;
				PRODUCT_BUNDLE_IDENTIFIER = com.zain.GreenCart;
				PRODUCT_NAME = "$(TARGET_NAME)";
				SWIFT_EMIT_LOC_STRINGS = YES;
				SWIFT_VERSION = 5.0;
				TARGETED_DEVICE_FAMILY = "1,2";
			};
			name = Release;
		};
		F73DD9712CBE7C4B0017209B /* Debug */ = {
			isa = XCBuildConfiguration;
			buildSettings = {
				BUNDLE_LOADER = "$(TEST_HOST)";
				CODE_SIGN_STYLE = Automatic;
				CURRENT_PROJECT_VERSION = 1;
				DEVELOPMENT_TEAM = 8TNP7LCQ34;
				GENERATE_INFOPLIST_FILE = YES;
				IPHONEOS_DEPLOYMENT_TARGET = 18.0;
				MARKETING_VERSION = 1.0;
				PRODUCT_BUNDLE_IDENTIFIER = com.zain.GreenCartTests;
				PRODUCT_NAME = "$(TARGET_NAME)";
				SWIFT_EMIT_LOC_STRINGS = NO;
				SWIFT_VERSION = 5.0;
				TARGETED_DEVICE_FAMILY = "1,2";
				TEST_HOST = "$(BUILT_PRODUCTS_DIR)/GreenCart.app/$(BUNDLE_EXECUTABLE_FOLDER_PATH)/GreenCart";
			};
			name = Debug;
		};
		F73DD9722CBE7C4B0017209B /* Release */ = {
			isa = XCBuildConfiguration;
			buildSettings = {
				BUNDLE_LOADER = "$(TEST_HOST)";
				CODE_SIGN_STYLE = Automatic;
				CURRENT_PROJECT_VERSION = 1;
				DEVELOPMENT_TEAM = 8TNP7LCQ34;
				GENERATE_INFOPLIST_FILE = YES;
				IPHONEOS_DEPLOYMENT_TARGET = 18.0;
				MARKETING_VERSION = 1.0;
				PRODUCT_BUNDLE_IDENTIFIER = com.zain.GreenCartTests;
				PRODUCT_NAME = "$(TARGET_NAME)";
				SWIFT_EMIT_LOC_STRINGS = NO;
				SWIFT_VERSION = 5.0;
				TARGETED_DEVICE_FAMILY = "1,2";
				TEST_HOST = "$(BUILT_PRODUCTS_DIR)/GreenCart.app/$(BUNDLE_EXECUTABLE_FOLDER_PATH)/GreenCart";
			};
			name = Release;
		};
		F73DD9742CBE7C4B0017209B /* Debug */ = {
			isa = XCBuildConfiguration;
			buildSettings = {
				CODE_SIGN_STYLE = Automatic;
				CURRENT_PROJECT_VERSION = 1;
				DEVELOPMENT_TEAM = 8TNP7LCQ34;
				GENERATE_INFOPLIST_FILE = YES;
				MARKETING_VERSION = 1.0;
				PRODUCT_BUNDLE_IDENTIFIER = com.zain.GreenCartUITests;
				PRODUCT_NAME = "$(TARGET_NAME)";
				SWIFT_EMIT_LOC_STRINGS = NO;
				SWIFT_VERSION = 5.0;
				TARGETED_DEVICE_FAMILY = "1,2";
				TEST_TARGET_NAME = GreenCart;
			};
			name = Debug;
		};
		F73DD9752CBE7C4B0017209B /* Release */ = {
			isa = XCBuildConfiguration;
			buildSettings = {
				CODE_SIGN_STYLE = Automatic;
				CURRENT_PROJECT_VERSION = 1;
				DEVELOPMENT_TEAM = 8TNP7LCQ34;
				GENERATE_INFOPLIST_FILE = YES;
				MARKETING_VERSION = 1.0;
				PRODUCT_BUNDLE_IDENTIFIER = com.zain.GreenCartUITests;
				PRODUCT_NAME = "$(TARGET_NAME)";
				SWIFT_EMIT_LOC_STRINGS = NO;
				SWIFT_VERSION = 5.0;
				TARGETED_DEVICE_FAMILY = "1,2";
				TEST_TARGET_NAME = GreenCart;
			};
			name = Release;
		};
/* End XCBuildConfiguration section */

/* Begin XCConfigurationList section */
		F73DD9442CBE7C4A0017209B /* Build configuration list for PBXProject "GreenCart" */ = {
			isa = XCConfigurationList;
			buildConfigurations = (
				F73DD96B2CBE7C4B0017209B /* Debug */,
				F73DD96C2CBE7C4B0017209B /* Release */,
			);
			defaultConfigurationIsVisible = 0;
			defaultConfigurationName = Release;
		};
		F73DD96D2CBE7C4B0017209B /* Build configuration list for PBXNativeTarget "GreenCart" */ = {
			isa = XCConfigurationList;
			buildConfigurations = (
				F73DD96E2CBE7C4B0017209B /* Debug */,
				F73DD96F2CBE7C4B0017209B /* Release */,
			);
			defaultConfigurationIsVisible = 0;
			defaultConfigurationName = Release;
		};
		F73DD9702CBE7C4B0017209B /* Build configuration list for PBXNativeTarget "GreenCartTests" */ = {
			isa = XCConfigurationList;
			buildConfigurations = (
				F73DD9712CBE7C4B0017209B /* Debug */,
				F73DD9722CBE7C4B0017209B /* Release */,
			);
			defaultConfigurationIsVisible = 0;
			defaultConfigurationName = Release;
		};
		F73DD9732CBE7C4B0017209B /* Build configuration list for PBXNativeTarget "GreenCartUITests" */ = {
			isa = XCConfigurationList;
			buildConfigurations = (
				F73DD9742CBE7C4B0017209B /* Debug */,
				F73DD9752CBE7C4B0017209B /* Release */,
			);
			defaultConfigurationIsVisible = 0;
			defaultConfigurationName = Release;
		};
/* End XCConfigurationList section */

/* Begin XCRemoteSwiftPackageReference section */
		F7EEA6822CC283E3002ED7E1 /* XCRemoteSwiftPackageReference "firebase-ios-sdk" */ = {
			isa = XCRemoteSwiftPackageReference;
			repositoryURL = "https://github.com/firebase/firebase-ios-sdk.git";
			requirement = {
				kind = upToNextMajorVersion;
				minimumVersion = 11.3.0;
			};
		};
/* End XCRemoteSwiftPackageReference section */

/* Begin XCSwiftPackageProductDependency section */
		F7316B272CC7E79F00EB42DC /* FirebaseCore */ = {
			isa = XCSwiftPackageProductDependency;
			package = F7EEA6822CC283E3002ED7E1 /* XCRemoteSwiftPackageReference "firebase-ios-sdk" */;
			productName = FirebaseCore;
		};
		F7A484DE2CC7D51F005F116A /* FirebaseStorage */ = {
			isa = XCSwiftPackageProductDependency;
			package = F7EEA6822CC283E3002ED7E1 /* XCRemoteSwiftPackageReference "firebase-ios-sdk" */;
			productName = FirebaseStorage;
		};
		F7EEA6832CC283E3002ED7E1 /* FirebaseAnalytics */ = {
			isa = XCSwiftPackageProductDependency;
			package = F7EEA6822CC283E3002ED7E1 /* XCRemoteSwiftPackageReference "firebase-ios-sdk" */;
			productName = FirebaseAnalytics;
		};
		F7EEA6852CC283E3002ED7E1 /* FirebaseAuth */ = {
			isa = XCSwiftPackageProductDependency;
			package = F7EEA6822CC283E3002ED7E1 /* XCRemoteSwiftPackageReference "firebase-ios-sdk" */;
			productName = FirebaseAuth;
		};
		F7EEA6872CC283E3002ED7E1 /* FirebaseFirestore */ = {
			isa = XCSwiftPackageProductDependency;
			package = F7EEA6822CC283E3002ED7E1 /* XCRemoteSwiftPackageReference "firebase-ios-sdk" */;
			productName = FirebaseFirestore;
		};
/* End XCSwiftPackageProductDependency section */
	};
	rootObject = F73DD9412CBE7C4A0017209B /* Project object */;
}
